{
  "version": 1,
  "dependencies": {
    "net9.0": {
      "FSharp.Core": {
        "type": "Direct",
        "requested": "[9.0.202, )",
        "resolved": "9.0.202",
        "contentHash": "p8iGT2PeRL9q0ZIQ3ZhmRMRs4+b5Xaf9SSYKOt/+tDtznMQhHovYWaD1491RvBz8rnxcesAISbrkrjI1/4TUtw=="
      },
      "SixLabors.ImageSharp": {
        "type": "Direct",
        "requested": "[3.1.8, )",
        "resolved": "3.1.8",
        "contentHash": "8eJkROLGh6DBQLR666q2aOpAaean2puZaZ6Ur9YxoyGzjaZhv8OJSxtnDou54+OXMkXtLUdyQC0so47sOsqZjg=="
      },
      "System.CommandLine": {
        "type": "Direct",
        "requested": "[2.0.0-beta4.22272.1, )",
        "resolved": "2.0.0-beta4.22272.1",
        "contentHash": "1uqED/q2H0kKoLJ4+hI2iPSBSEdTuhfCYADeJrAqERmiGQ2NNacYKRNEQ+gFbU4glgVyK8rxI+ZOe1onEtr/Pg=="
      }
    }
  }
}